// !$*UTF8*$!
{
	archiveVersion = 1;
	classes = {
	};
	objectVersion = 56;
	objects = {

/* Begin PBXBuildFile section */
		12D54B272CE25C28008639A4 /* MonprojetApp.swift in Sources */ = {isa = PBXBuildFile; fileRef = 12D54B262CE25C28008639A4 /* MonprojetApp.swift */; };
		12D54B292CE25C28008639A4 /* Persistence.swift in Sources */ = {isa = PBXBuildFile; fileRef = 12D54B282CE25C28008639A4 /* Persistence.swift */; };
		12D54B2C2CE25C28008639A4 /* Monprojet.xcdatamodeld in Sources */ = {isa = PBXBuildFile; fileRef = 12D54B2A2CE25C28008639A4 /* Monprojet.xcdatamodeld */; };
		12D54B2E2CE25C28008639A4 /* ContentView.swift in Sources */ = {isa = PBXBuildFile; fileRef = 12D54B2D2CE25C28008639A4 /* ContentView.swift */; };
		12D54B302CE25C2B008639A4 /* Assets.xcassets in Resources */ = {isa = PBXBuildFile; fileRef = 12D54B2F2CE25C2B008639A4 /* Assets.xcassets */; };
		12D54B342CE25C2B008639A4 /* Preview Assets.xcassets in Resources */ = {isa = PBXBuildFile; fileRef = 12D54B332CE25C2B008639A4 /* Preview Assets.xcassets */; };
		12D54B3E2CE25C2B008639A4 /* MonprojetTests.swift in Sources */ = {isa = PBXBuildFile; fileRef = 12D54B3D2CE25C2B008639A4 /* MonprojetTests.swift */; };
		12D54B482CE25C2B008639A4 /* MonprojetUITests.swift in Sources */ = {isa = PBXBuildFile; fileRef = 12D54B472CE25C2B008639A4 /* MonprojetUITests.swift */; };
		12D54B4A2CE25C2B008639A4 /* MonprojetUITestsLaunchTests.swift in Sources */ = {isa = PBXBuildFile; fileRef = 12D54B492CE25C2B008639A4 /* MonprojetUITestsLaunchTests.swift */; };
/* End PBXBuildFile section */

/* Begin PBXContainerItemProxy section */
		12D54B3A2CE25C2B008639A4 /* PBXContainerItemProxy */ = {
			isa = PBXContainerItemProxy;
			containerPortal = 12D54B1B2CE25C28008639A4 /* Project object */;
			proxyType = 1;
			remoteGlobalIDString = 12D54B222CE25C28008639A4;
			remoteInfo = Monprojet;
		};
		12D54B442CE25C2B008639A4 /* PBXContainerItemProxy */ = {
			isa = PBXContainerItemProxy;
			containerPortal = 12D54B1B2CE25C28008639A4 /* Project object */;
			proxyType = 1;
			remoteGlobalIDString = 12D54B222CE25C28008639A4;
			remoteInfo = Monprojet;
		};
/* End PBXContainerItemProxy section */

/* Begin PBXFileReference section */
		12D54B232CE25C28008639A4 /* Monprojet.app */ = {isa = PBXFileReference; explicitFileType = wrapper.application; includeInIndex = 0; path = Monprojet.app; sourceTree = BUILT_PRODUCTS_DIR; };
		12D54B262CE25C28008639A4 /* MonprojetApp.swift */ = {isa = PBXFileReference; lastKnownFileType = sourcecode.swift; path = MonprojetApp.swift; sourceTree = "<group>"; };
		12D54B282CE25C28008639A4 /* Persistence.swift */ = {isa = PBXFileReference; lastKnownFileType = sourcecode.swift; path = Persistence.swift; sourceTree = "<group>"; };
		12D54B2B2CE25C28008639A4 /* Monprojet.xcdatamodel */ = {isa = PBXFileReference; lastKnownFileType = wrapper.xcdatamodel; path = Monprojet.xcdatamodel; sourceTree = "<group>"; };
		12D54B2D2CE25C28008639A4 /* ContentView.swift */ = {isa = PBXFileReference; lastKnownFileType = sourcecode.swift; path = ContentView.swift; sourceTree = "<group>"; };
		12D54B2F2CE25C2B008639A4 /* Assets.xcassets */ = {isa = PBXFileReference; lastKnownFileType = folder.assetcatalog; path = Assets.xcassets; sourceTree = "<group>"; };
		12D54B312CE25C2B008639A4 /* Monprojet.entitlements */ = {isa = PBXFileReference; lastKnownFileType = text.plist.entitlements; path = Monprojet.entitlements; sourceTree = "<group>"; };
		12D54B332CE25C2B008639A4 /* Preview Assets.xcassets */ = {isa = PBXFileReference; lastKnownFileType = folder.assetcatalog; path = "Preview Assets.xcassets"; sourceTree = "<group>"; };
		12D54B392CE25C2B008639A4 /* MonprojetTests.xctest */ = {isa = PBXFileReference; explicitFileType = wrapper.cfbundle; includeInIndex = 0; path = MonprojetTests.xctest; sourceTree = BUILT_PRODUCTS_DIR; };
		12D54B3D2CE25C2B008639A4 /* MonprojetTests.swift */ = {isa = PBXFileReference; lastKnownFileType = sourcecode.swift; path = MonprojetTests.swift; sourceTree = "<group>"; };
		12D54B432CE25C2B008639A4 /* MonprojetUITests.xctest */ = {isa = PBXFileReference; explicitFileType = wrapper.cfbundle; includeInIndex = 0; path = MonprojetUITests.xctest; sourceTree = BUILT_PRODUCTS_DIR; };
		12D54B472CE25C2B008639A4 /* MonprojetUITests.swift */ = {isa = PBXFileReference; lastKnownFileType = sourcecode.swift; path = MonprojetUITests.swift; sourceTree = "<group>"; };
		12D54B492CE25C2B008639A4 /* MonprojetUITestsLaunchTests.swift */ = {isa = PBXFileReference; lastKnownFileType = sourcecode.swift; path = MonprojetUITestsLaunchTests.swift; sourceTree = "<group>"; };
/* End PBXFileReference section */

/* Begin PBXFrameworksBuildPhase section */
		12D54B202CE25C28008639A4 /* Frameworks */ = {
			isa = PBXFrameworksBuildPhase;
			buildActionMask = 2147483647;
			files = (
			);
			runOnlyForDeploymentPostprocessing = 0;
		};
		12D54B362CE25C2B008639A4 /* Frameworks */ = {
			isa = PBXFrameworksBuildPhase;
			buildActionMask = 2147483647;
			files = (
			);
			runOnlyForDeploymentPostprocessing = 0;
		};
		12D54B402CE25C2B008639A4 /* Frameworks */ = {
			isa = PBXFrameworksBuildPhase;
			buildActionMask = 2147483647;
			files = (
			);
			runOnlyForDeploymentPostprocessing = 0;
		};
/* End PBXFrameworksBuildPhase section */

/* Begin PBXGroup section */
		12D54B1A2CE25C28008639A4 = {
			isa = PBXGroup;
			children = (
				12D54B252CE25C28008639A4 /* Monprojet */,
				12D54B3C2CE25C2B008639A4 /* MonprojetTests */,
				12D54B462CE25C2B008639A4 /* MonprojetUITests */,
				12D54B242CE25C28008639A4 /* Products */,
			);
			sourceTree = "<group>";
		};
		12D54B242CE25C28008639A4 /* Products */ = {
			isa = PBXGroup;
			children = (
				12D54B232CE25C28008639A4 /* Monprojet.app */,
				12D54B392CE25C2B008639A4 /* MonprojetTests.xctest */,
				12D54B432CE25C2B008639A4 /* MonprojetUITests.xctest */,
			);
			name = Products;
			sourceTree = "<group>";
		};
		12D54B252CE25C28008639A4 /* Monprojet */ = {
			isa = PBXGroup;
			children = (
				12D54B262CE25C28008639A4 /* MonprojetApp.swift */,
				12D54B282CE25C28008639A4 /* Persistence.swift */,
				12D54B2D2CE25C28008639A4 /* ContentView.swift */,
				12D54B2F2CE25C2B008639A4 /* Assets.xcassets */,
				12D54B312CE25C2B008639A4 /* Monprojet.entitlements */,
				12D54B2A2CE25C28008639A4 /* Monprojet.xcdatamodeld */,
				12D54B322CE25C2B008639A4 /* Preview Content */,
			);
			path = Monprojet;
			sourceTree = "<group>";
		};
		12D54B322CE25C2B008639A4 /* Preview Content */ = {
			isa = PBXGroup;
			children = (
				12D54B332CE25C2B008639A4 /* Preview Assets.xcassets */,
			);
			path = "Preview Content";
			sourceTree = "<group>";
		};
		12D54B3C2CE25C2B008639A4 /* MonprojetTests */ = {
			isa = PBXGroup;
			children = (
				12D54B3D2CE25C2B008639A4 /* MonprojetTests.swift */,
			);
			path = MonprojetTests;
			sourceTree = "<group>";
		};
		12D54B462CE25C2B008639A4 /* MonprojetUITests */ = {
			isa = PBXGroup;
			children = (
				12D54B472CE25C2B008639A4 /* MonprojetUITests.swift */,
				12D54B492CE25C2B008639A4 /* MonprojetUITestsLaunchTests.swift */,
			);
			path = MonprojetUITests;
			sourceTree = "<group>";
		};
/* End PBXGroup section */

/* Begin PBXNativeTarget section */
		12D54B222CE25C28008639A4 /* Monprojet */ = {
			isa = PBXNativeTarget;
			buildConfigurationList = 12D54B4D2CE25C2B008639A4 /* Build configuration list for PBXNativeTarget "Monprojet" */;
			buildPhases = (
				12D54B1F2CE25C28008639A4 /* Sources */,
				12D54B202CE25C28008639A4 /* Frameworks */,
				12D54B212CE25C28008639A4 /* Resources */,
			);
			buildRules = (
			);
			dependencies = (
			);
			name = Monprojet;
			productName = Monprojet;
			productReference = 12D54B232CE25C28008639A4 /* Monprojet.app */;
			productType = "com.apple.product-type.application";
		};
		12D54B382CE25C2B008639A4 /* MonprojetTests */ = {
			isa = PBXNativeTarget;
			buildConfigurationList = 12D54B502CE25C2B008639A4 /* Build configuration list for PBXNativeTarget "MonprojetTests" */;
			buildPhases = (
				12D54B352CE25C2B008639A4 /* Sources */,
				12D54B362CE25C2B008639A4 /* Frameworks */,
				12D54B372CE25C2B008639A4 /* Resources */,
			);
			buildRules = (
			);
			dependencies = (
				12D54B3B2CE25C2B008639A4 /* PBXTargetDependency */,
			);
			name = MonprojetTests;
			productName = MonprojetTests;
			productReference = 12D54B392CE25C2B008639A4 /* MonprojetTests.xctest */;
			productType = "com.apple.product-type.bundle.unit-test";
		};
		12D54B422CE25C2B008639A4 /* MonprojetUITests */ = {
			isa = PBXNativeTarget;
			buildConfigurationList = 12D54B532CE25C2B008639A4 /* Build configuration list for PBXNativeTarget "MonprojetUITests" */;
			buildPhases = (
				12D54B3F2CE25C2B008639A4 /* Sources */,
				12D54B402CE25C2B008639A4 /* Frameworks */,
				12D54B412CE25C2B008639A4 /* Resources */,
			);
			buildRules = (
			);
			dependencies = (
				12D54B452CE25C2B008639A4 /* PBXTargetDependency */,
			);
			name = MonprojetUITests;
			productName = MonprojetUITests;
			productReference = 12D54B432CE25C2B008639A4 /* MonprojetUITests.xctest */;
			productType = "com.apple.product-type.bundle.ui-testing";
		};
/* End PBXNativeTarget section */

/* Begin PBXProject section */
		12D54B1B2CE25C28008639A4 /* Project object */ = {
			isa = PBXProject;
			attributes = {
				BuildIndependentTargetsInParallel = 1;
				LastSwiftUpdateCheck = 1540;
				LastUpgradeCheck = 1540;
				TargetAttributes = {
					12D54B222CE25C28008639A4 = {
						CreatedOnToolsVersion = 15.4;
					};
					12D54B382CE25C2B008639A4 = {
						CreatedOnToolsVersion = 15.4;
						TestTargetID = 12D54B222CE25C28008639A4;
					};
					12D54B422CE25C2B008639A4 = {
						CreatedOnToolsVersion = 15.4;
						TestTargetID = 12D54B222CE25C28008639A4;
					};
				};
			};
			buildConfigurationList = 12D54B1E2CE25C28008639A4 /* Build configuration list for PBXProject "Monprojet" */;
			compatibilityVersion = "Xcode 14.0";
			developmentRegion = en;
			hasScannedForEncodings = 0;
			knownRegions = (
				en,
				Base,
			);
			mainGroup = 12D54B1A2CE25C28008639A4;
			productRefGroup = 12D54B242CE25C28008639A4 /* Products */;
			projectDirPath = "";
			projectRoot = "";
			targets = (
				12D54B222CE25C28008639A4 /* Monprojet */,
				12D54B382CE25C2B008639A4 /* MonprojetTests */,
				12D54B422CE25C2B008639A4 /* MonprojetUITests */,
			);
		};
/* End PBXProject section */

/* Begin PBXResourcesBuildPhase section */
		12D54B212CE25C28008639A4 /* Resources */ = {
			isa = PBXResourcesBuildPhase;
			buildActionMask = 2147483647;
			files = (
				12D54B342CE25C2B008639A4 /* Preview Assets.xcassets in Resources */,
				12D54B302CE25C2B008639A4 /* Assets.xcassets in Resources */,
			);
			runOnlyForDeploymentPostprocessing = 0;
		};
		12D54B372CE25C2B008639A4 /* Resources */ = {
			isa = PBXResourcesBuildPhase;
			buildActionMask = 2147483647;
			files = (
			);
			runOnlyForDeploymentPostprocessing = 0;
		};
		12D54B412CE25C2B008639A4 /* Resources */ = {
			isa = PBXResourcesBuildPhase;
			buildActionMask = 2147483647;
			files = (
			);
			runOnlyForDeploymentPostprocessing = 0;
		};
/* End PBXResourcesBuildPhase section */

/* Begin PBXSourcesBuildPhase section */
		12D54B1F2CE25C28008639A4 /* Sources */ = {
			isa = PBXSourcesBuildPhase;
			buildActionMask = 2147483647;
			files = (
				12D54B272CE25C28008639A4 /* MonprojetApp.swift in Sources */,
				12D54B2C2CE25C28008639A4 /* Monprojet.xcdatamodeld in Sources */,
				12D54B2E2CE25C28008639A4 /* ContentView.swift in Sources */,
				12D54B292CE25C28008639A4 /* Persistence.swift in Sources */,
			);
			runOnlyForDeploymentPostprocessing = 0;
		};
		12D54B352CE25C2B008639A4 /* Sources */ = {
			isa = PBXSourcesBuildPhase;
			buildActionMask = 2147483647;
			files = (
				12D54B3E2CE25C2B008639A4 /* MonprojetTests.swift in Sources */,
			);
			runOnlyForDeploymentPostprocessing = 0;
		};
		12D54B3F2CE25C2B008639A4 /* Sources */ = {
			isa = PBXSourcesBuildPhase;
			buildActionMask = 2147483647;
			files = (
				12D54B482CE25C2B008639A4 /* MonprojetUITests.swift in Sources */,
				12D54B4A2CE25C2B008639A4 /* MonprojetUITestsLaunchTests.swift in Sources */,
			);
			runOnlyForDeploymentPostprocessing = 0;
		};
/* End PBXSourcesBuildPhase section */

/* Begin PBXTargetDependency section */
		12D54B3B2CE25C2B008639A4 /* PBXTargetDependency */ = {
			isa = PBXTargetDependency;
			target = 12D54B222CE25C28008639A4 /* Monprojet */;
			targetProxy = 12D54B3A2CE25C2B008639A4 /* PBXContainerItemProxy */;
		};
		12D54B452CE25C2B008639A4 /* PBXTargetDependency */ = {
			isa = PBXTargetDependency;
			target = 12D54B222CE25C28008639A4 /* Monprojet */;
			targetProxy = 12D54B442CE25C2B008639A4 /* PBXContainerItemProxy */;
		};
/* End PBXTargetDependency section */

/* Begin XCBuildConfiguration section */
		12D54B4B2CE25C2B008639A4 /* Debug */ = {
			isa = XCBuildConfiguration;
			buildSettings = {
				ALWAYS_SEARCH_USER_PATHS = NO;
				ASSETCATALOG_COMPILER_GENERATE_SWIFT_ASSET_SYMBOL_EXTENSIONS = YES;
				CLANG_ANALYZER_NONNULL = YES;
				CLANG_ANALYZER_NUMBER_OBJECT_CONVERSION = YES_AGGRESSIVE;
				CLANG_CXX_LANGUAGE_STANDARD = "gnu++20";
				CLANG_ENABLE_MODULES = YES;
				CLANG_ENABLE_OBJC_ARC = YES;
				CLANG_ENABLE_OBJC_WEAK = YES;
				CLANG_WARN_BLOCK_CAPTURE_AUTORELEASING = YES;
				CLANG_WARN_BOOL_CONVERSION = YES;
				CLANG_WARN_COMMA = YES;
				CLANG_WARN_CONSTANT_CONVERSION = YES;
				CLANG_WARN_DEPRECATED_OBJC_IMPLEMENTATIONS = YES;
				CLANG_WARN_DIRECT_OBJC_ISA_USAGE = YES_ERROR;
				CLANG_WARN_DOCUMENTATION_COMMENTS = YES;
				CLANG_WARN_EMPTY_BODY = YES;
				CLANG_WARN_ENUM_CONVERSION = YES;
				CLANG_WARN_INFINITE_RECURSION = YES;
				CLANG_WARN_INT_CONVERSION = YES;
				CLANG_WARN_NON_LITERAL_NULL_CONVERSION = YES;
				CLANG_WARN_OBJC_IMPLICIT_RETAIN_SELF = YES;
				CLANG_WARN_OBJC_LITERAL_CONVERSION = YES;
				CLANG_WARN_OBJC_ROOT_CLASS = YES_ERROR;
				CLANG_WARN_QUOTED_INCLUDE_IN_FRAMEWORK_HEADER = YES;
				CLANG_WARN_RANGE_LOOP_ANALYSIS = YES;
				CLANG_WARN_STRICT_PROTOTYPES = YES;
				CLANG_WARN_SUSPICIOUS_MOVE = YES;
				CLANG_WARN_UNGUARDED_AVAILABILITY = YES_AGGRESSIVE;
				CLANG_WARN_UNREACHABLE_CODE = YES;
				CLANG_WARN__DUPLICATE_METHOD_MATCH = YES;
				COPY_PHASE_STRIP = NO;
				DEBUG_INFORMATION_FORMAT = dwarf;
				ENABLE_STRICT_OBJC_MSGSEND = YES;
				ENABLE_TESTABILITY = YES;
				ENABLE_USER_SCRIPT_SANDBOXING = YES;
				GCC_C_LANGUAGE_STANDARD = gnu17;
				GCC_DYNAMIC_NO_PIC = NO;
				GCC_NO_COMMON_BLOCKS = YES;
				GCC_OPTIMIZATION_LEVEL = 0;
				GCC_PREPROCESSOR_DEFINITIONS = (
					"DEBUG=1",
					"$(inherited)",
				);
				GCC_WARN_64_TO_32_BIT_CONVERSION = YES;
				GCC_WARN_ABOUT_RETURN_TYPE = YES_ERROR;
				GCC_WARN_UNDECLARED_SELECTOR = YES;
				GCC_WARN_UNINITIALIZED_AUTOS = YES_AGGRESSIVE;
				GCC_WARN_UNUSED_FUNCTION = YES;
				GCC_WARN_UNUSED_VARIABLE = YES;
				LOCALIZATION_PREFERS_STRING_CATALOGS = YES;
				MTL_ENABLE_DEBUG_INFO = INCLUDE_SOURCE;
				MTL_FAST_MATH = YES;
				ONLY_ACTIVE_ARCH = YES;
				SWIFT_ACTIVE_COMPILATION_CONDITIONS = "DEBUG $(inherited)";
				SWIFT_OPTIMIZATION_LEVEL = "-Onone";
			};
			name = Debug;
		};
		12D54B4C2CE25C2B008639A4 /* Release */ = {
			isa = XCBuildConfiguration;
			buildSettings = {
				ALWAYS_SEARCH_USER_PATHS = NO;
				ASSETCATALOG_COMPILER_GENERATE_SWIFT_ASSET_SYMBOL_EXTENSIONS = YES;
				CLANG_ANALYZER_NONNULL = YES;
				CLANG_ANALYZER_NUMBER_OBJECT_CONVERSION = YES_AGGRESSIVE;
				CLANG_CXX_LANGUAGE_STANDARD = "gnu++20";
				CLANG_ENABLE_MODULES = YES;
				CLANG_ENABLE_OBJC_ARC = YES;
				CLANG_ENABLE_OBJC_WEAK = YES;
				CLANG_WARN_BLOCK_CAPTURE_AUTORELEASING = YES;
				CLANG_WARN_BOOL_CONVERSION = YES;
				CLANG_WARN_COMMA = YES;
				CLANG_WARN_CONSTANT_CONVERSION = YES;
				CLANG_WARN_DEPRECATED_OBJC_IMPLEMENTATIONS = YES;
				CLANG_WARN_DIRECT_OBJC_ISA_USAGE = YES_ERROR;
				CLANG_WARN_DOCUMENTATION_COMMENTS = YES;
				CLANG_WARN_EMPTY_BODY = YES;
				CLANG_WARN_ENUM_CONVERSION = YES;
				CLANG_WARN_INFINITE_RECURSION = YES;
				CLANG_WARN_INT_CONVERSION = YES;
				CLANG_WARN_NON_LITERAL_NULL_CONVERSION = YES;
				CLANG_WARN_OBJC_IMPLICIT_RETAIN_SELF = YES;
				CLANG_WARN_OBJC_LITERAL_CONVERSION = YES;
				CLANG_WARN_OBJC_ROOT_CLASS = YES_ERROR;
				CLANG_WARN_QUOTED_INCLUDE_IN_FRAMEWORK_HEADER = YES;
				CLANG_WARN_RANGE_LOOP_ANALYSIS = YES;
				CLANG_WARN_STRICT_PROTOTYPES = YES;
				CLANG_WARN_SUSPICIOUS_MOVE = YES;
				CLANG_WARN_UNGUARDED_AVAILABILITY = YES_AGGRESSIVE;
				CLANG_WARN_UNREACHABLE_CODE = YES;
				CLANG_WARN__DUPLICATE_METHOD_MATCH = YES;
				COPY_PHASE_STRIP = NO;
				DEBUG_INFORMATION_FORMAT = "dwarf-with-dsym";
				ENABLE_NS_ASSERTIONS = NO;
				ENABLE_STRICT_OBJC_MSGSEND = YES;
				ENABLE_USER_SCRIPT_SANDBOXING = YES;
				GCC_C_LANGUAGE_STANDARD = gnu17;
				GCC_NO_COMMON_BLOCKS = YES;
				GCC_WARN_64_TO_32_BIT_CONVERSION = YES;
				GCC_WARN_ABOUT_RETURN_TYPE = YES_ERROR;
				GCC_WARN_UNDECLARED_SELECTOR = YES;
				GCC_WARN_UNINITIALIZED_AUTOS = YES_AGGRESSIVE;
				GCC_WARN_UNUSED_FUNCTION = YES;
				GCC_WARN_UNUSED_VARIABLE = YES;
				LOCALIZATION_PREFERS_STRING_CATALOGS = YES;
				MTL_ENABLE_DEBUG_INFO = NO;
				MTL_FAST_MATH = YES;
				SWIFT_COMPILATION_MODE = wholemodule;
			};
			name = Release;
		};
		12D54B4E2CE25C2B008639A4 /* Debug */ = {
			isa = XCBuildConfiguration;
			buildSettings = {
				ASSETCATALOG_COMPILER_APPICON_NAME = AppIcon;
				ASSETCATALOG_COMPILER_GLOBAL_ACCENT_COLOR_NAME = AccentColor;
				CODE_SIGN_ENTITLEMENTS = Monprojet/Monprojet.entitlements;
				CODE_SIGN_STYLE = Automatic;
				CURRENT_PROJECT_VERSION = 1;
				DEVELOPMENT_ASSET_PATHS = "\"Monprojet/Preview Content\"";
				DEVELOPMENT_TEAM = 222TTY22W3;
				ENABLE_HARDENED_RUNTIME = YES;
				ENABLE_PREVIEWS = YES;
				GENERATE_INFOPLIST_FILE = YES;
				"INFOPLIST_KEY_UIApplicationSceneManifest_Generation[sdk=iphoneos*]" = YES;
				"INFOPLIST_KEY_UIApplicationSceneManifest_Generation[sdk=iphonesimulator*]" = YES;
				"INFOPLIST_KEY_UIApplicationSupportsIndirectInputEvents[sdk=iphoneos*]" = YES;
				"INFOPLIST_KEY_UIApplicationSupportsIndirectInputEvents[sdk=iphonesimulator*]" = YES;
				"INFOPLIST_KEY_UILaunchScreen_Generation[sdk=iphoneos*]" = YES;
				"INFOPLIST_KEY_UILaunchScreen_Generation[sdk=iphonesimulator*]" = YES;
				"INFOPLIST_KEY_UIStatusBarStyle[sdk=iphoneos*]" = UIStatusBarStyleDefault;
				"INFOPLIST_KEY_UIStatusBarStyle[sdk=iphonesimulator*]" = UIStatusBarStyleDefault;
				INFOPLIST_KEY_UISupportedInterfaceOrientations_iPad = "UIInterfaceOrientationPortrait UIInterfaceOrientationPortraitUpsideDown UIInterfaceOrientationLandscapeLeft UIInterfaceOrientationLandscapeRight";
				INFOPLIST_KEY_UISupportedInterfaceOrientations_iPhone = "UIInterfaceOrientationPortrait UIInterfaceOrientationLandscapeLeft UIInterfaceOrientationLandscapeRight";
				IPHONEOS_DEPLOYMENT_TARGET = 17.5;
				LD_RUNPATH_SEARCH_PATHS = "@executable_path/Frameworks";
				"LD_RUNPATH_SEARCH_PATHS[sdk=macosx*]" = "@executable_path/../Frameworks";
				MACOSX_DEPLOYMENT_TARGET = 14.5;
				MARKETING_VERSION = 1.0;
				PRODUCT_BUNDLE_IDENTIFIER = "yves-tourniaire.Monprojet";
				PRODUCT_NAME = "$(TARGET_NAME)";
				SDKROOT = auto;
				SUPPORTED_PLATFORMS = "iphoneos iphonesimulator macosx";
				SWIFT_EMIT_LOC_STRINGS = YES;
				SWIFT_VERSION = 5.0;
				TARGETED_DEVICE_FAMILY = "1,2";
			};
			name = Debug;
		};
		12D54B4F2CE25C2B008639A4 /* Release */ = {
			isa = XCBuildConfiguration;
			buildSettings = {
				ASSETCATALOG_COMPILER_APPICON_NAME = AppIcon;
				ASSETCATALOG_COMPILER_GLOBAL_ACCENT_COLOR_NAME = AccentColor;
				CODE_SIGN_ENTITLEMENTS = Monprojet/Monprojet.entitlements;
				CODE_SIGN_STYLE = Automatic;
				CURRENT_PROJECT_VERSION = 1;
				DEVELOPMENT_ASSET_PATHS = "\"Monprojet/Preview Content\"";
				DEVELOPMENT_TEAM = 222TTY22W3;
				ENABLE_HARDENED_RUNTIME = YES;
				ENABLE_PREVIEWS = YES;
				GENERATE_INFOPLIST_FILE = YES;
				"INFOPLIST_KEY_UIApplicationSceneManifest_Generation[sdk=iphoneos*]" = YES;
				"INFOPLIST_KEY_UIApplicationSceneManifest_Generation[sdk=iphonesimulator*]" = YES;
				"INFOPLIST_KEY_UIApplicationSupportsIndirectInputEvents[sdk=iphoneos*]" = YES;
				"INFOPLIST_KEY_UIApplicationSupportsIndirectInputEvents[sdk=iphonesimulator*]" = YES;
				"INFOPLIST_KEY_UILaunchScreen_Generation[sdk=iphoneos*]" = YES;
				"INFOPLIST_KEY_UILaunchScreen_Generation[sdk=iphonesimulator*]" = YES;
				"INFOPLIST_KEY_UIStatusBarStyle[sdk=iphoneos*]" = UIStatusBarStyleDefault;
				"INFOPLIST_KEY_UIStatusBarStyle[sdk=iphonesimulator*]" = UIStatusBarStyleDefault;
				INFOPLIST_KEY_UISupportedInterfaceOrientations_iPad = "UIInterfaceOrientationPortrait UIInterfaceOrientationPortraitUpsideDown UIInterfaceOrientationLandscapeLeft UIInterfaceOrientationLandscapeRight";
				INFOPLIST_KEY_UISupportedInterfaceOrientations_iPhone = "UIInterfaceOrientationPortrait UIInterfaceOrientationLandscapeLeft UIInterfaceOrientationLandscapeRight";
				IPHONEOS_DEPLOYMENT_TARGET = 17.5;
				LD_RUNPATH_SEARCH_PATHS = "@executable_path/Frameworks";
				"LD_RUNPATH_SEARCH_PATHS[sdk=macosx*]" = "@executable_path/../Frameworks";
				MACOSX_DEPLOYMENT_TARGET = 14.5;
				MARKETING_VERSION = 1.0;
				PRODUCT_BUNDLE_IDENTIFIER = "yves-tourniaire.Monprojet";
				PRODUCT_NAME = "$(TARGET_NAME)";
				SDKROOT = auto;
				SUPPORTED_PLATFORMS = "iphoneos iphonesimulator macosx";
				SWIFT_EMIT_LOC_STRINGS = YES;
				SWIFT_VERSION = 5.0;
				TARGETED_DEVICE_FAMILY = "1,2";
			};
			name = Release;
		};
		12D54B512CE25C2B008639A4 /* Debug */ = {
			isa = XCBuildConfiguration;
			buildSettings = {
				ALWAYS_EMBED_SWIFT_STANDARD_LIBRARIES = YES;
				BUNDLE_LOADER = "$(TEST_HOST)";
				CODE_SIGN_STYLE = Automatic;
				CURRENT_PROJECT_VERSION = 1;
				DEVELOPMENT_TEAM = 222TTY22W3;
				GENERATE_INFOPLIST_FILE = YES;
				IPHONEOS_DEPLOYMENT_TARGET = 17.5;
				MACOSX_DEPLOYMENT_TARGET = 14.5;
				MARKETING_VERSION = 1.0;
				PRODUCT_BUNDLE_IDENTIFIER = "yves-tourniaire.MonprojetTests";
				PRODUCT_NAME = "$(TARGET_NAME)";
				SDKROOT = auto;
				SUPPORTED_PLATFORMS = "iphoneos iphonesimulator macosx";
				SWIFT_EMIT_LOC_STRINGS = NO;
				SWIFT_VERSION = 5.0;
				TARGETED_DEVICE_FAMILY = "1,2";
				TEST_HOST = "$(BUILT_PRODUCTS_DIR)/Monprojet.app/$(BUNDLE_EXECUTABLE_FOLDER_PATH)/Monprojet";
			};
			name = Debug;
		};
		12D54B522CE25C2B008639A4 /* Release */ = {
			isa = XCBuildConfiguration;
			buildSettings = {
				ALWAYS_EMBED_SWIFT_STANDARD_LIBRARIES = YES;
				BUNDLE_LOADER = "$(TEST_HOST)";
				CODE_SIGN_STYLE = Automatic;
				CURRENT_PROJECT_VERSION = 1;
				DEVELOPMENT_TEAM = 222TTY22W3;
				GENERATE_INFOPLIST_FILE = YES;
				IPHONEOS_DEPLOYMENT_TARGET = 17.5;
				MACOSX_DEPLOYMENT_TARGET = 14.5;
				MARKETING_VERSION = 1.0;
				PRODUCT_BUNDLE_IDENTIFIER = "yves-tourniaire.MonprojetTests";
				PRODUCT_NAME = "$(TARGET_NAME)";
				SDKROOT = auto;
				SUPPORTED_PLATFORMS = "iphoneos iphonesimulator macosx";
				SWIFT_EMIT_LOC_STRINGS = NO;
				SWIFT_VERSION = 5.0;
				TARGETED_DEVICE_FAMILY = "1,2";
				TEST_HOST = "$(BUILT_PRODUCTS_DIR)/Monprojet.app/$(BUNDLE_EXECUTABLE_FOLDER_PATH)/Monprojet";
			};
			name = Release;
		};
		12D54B542CE25C2B008639A4 /* Debug */ = {
			isa = XCBuildConfiguration;
			buildSettings = {
				ALWAYS_EMBED_SWIFT_STANDARD_LIBRARIES = YES;
				CODE_SIGN_STYLE = Automatic;
				CURRENT_PROJECT_VERSION = 1;
				DEVELOPMENT_TEAM = 222TTY22W3;
				GENERATE_INFOPLIST_FILE = YES;
				IPHONEOS_DEPLOYMENT_TARGET = 17.5;
				MACOSX_DEPLOYMENT_TARGET = 14.5;
				MARKETING_VERSION = 1.0;
				PRODUCT_BUNDLE_IDENTIFIER = "yves-tourniaire.MonprojetUITests";
				PRODUCT_NAME = "$(TARGET_NAME)";
				SDKROOT = auto;
				SUPPORTED_PLATFORMS = "iphoneos iphonesimulator macosx";
				SWIFT_EMIT_LOC_STRINGS = NO;
				SWIFT_VERSION = 5.0;
				TARGETED_DEVICE_FAMILY = "1,2";
				TEST_TARGET_NAME = Monprojet;
			};
			name = Debug;
		};
		12D54B552CE25C2B008639A4 /* Release */ = {
			isa = XCBuildConfiguration;
			buildSettings = {
				ALWAYS_EMBED_SWIFT_STANDARD_LIBRARIES = YES;
				CODE_SIGN_STYLE = Automatic;
				CURRENT_PROJECT_VERSION = 1;
				DEVELOPMENT_TEAM = 222TTY22W3;
				GENERATE_INFOPLIST_FILE = YES;
				IPHONEOS_DEPLOYMENT_TARGET = 17.5;
				MACOSX_DEPLOYMENT_TARGET = 14.5;
				MARKETING_VERSION = 1.0;
				PRODUCT_BUNDLE_IDENTIFIER = "yves-tourniaire.MonprojetUITests";
				PRODUCT_NAME = "$(TARGET_NAME)";
				SDKROOT = auto;
				SUPPORTED_PLATFORMS = "iphoneos iphonesimulator macosx";
				SWIFT_EMIT_LOC_STRINGS = NO;
				SWIFT_VERSION = 5.0;
				TARGETED_DEVICE_FAMILY = "1,2";
				TEST_TARGET_NAME = Monprojet;
			};
			name = Release;
		};
/* End XCBuildConfiguration section */

/* Begin XCConfigurationList section */
		12D54B1E2CE25C28008639A4 /* Build configuration list for PBXProject "Monprojet" */ = {
			isa = XCConfigurationList;
			buildConfigurations = (
				12D54B4B2CE25C2B008639A4 /* Debug */,
				12D54B4C2CE25C2B008639A4 /* Release */,
			);
			defaultConfigurationIsVisible = 0;
			defaultConfigurationName = Release;
		};
		12D54B4D2CE25C2B008639A4 /* Build configuration list for PBXNativeTarget "Monprojet" */ = {
			isa = XCConfigurationList;
			buildConfigurations = (
				12D54B4E2CE25C2B008639A4 /* Debug */,
				12D54B4F2CE25C2B008639A4 /* Release */,
			);
			defaultConfigurationIsVisible = 0;
			defaultConfigurationName = Release;
		};
		12D54B502CE25C2B008639A4 /* Build configuration list for PBXNativeTarget "MonprojetTests" */ = {
			isa = XCConfigurationList;
			buildConfigurations = (
				12D54B512CE25C2B008639A4 /* Debug */,
				12D54B522CE25C2B008639A4 /* Release */,
			);
			defaultConfigurationIsVisible = 0;
			defaultConfigurationName = Release;
		};
		12D54B532CE25C2B008639A4 /* Build configuration list for PBXNativeTarget "MonprojetUITests" */ = {
			isa = XCConfigurationList;
			buildConfigurations = (
				12D54B542CE25C2B008639A4 /* Debug */,
				12D54B552CE25C2B008639A4 /* Release */,
			);
			defaultConfigurationIsVisible = 0;
			defaultConfigurationName = Release;
		};
/* End XCConfigurationList section */

/* Begin XCVersionGroup section */
		12D54B2A2CE25C28008639A4 /* Monprojet.xcdatamodeld */ = {
			isa = XCVersionGroup;
			children = (
				12D54B2B2CE25C28008639A4 /* Monprojet.xcdatamodel */,
			);
			currentVersion = 12D54B2B2CE25C28008639A4 /* Monprojet.xcdatamodel */;
			path = Monprojet.xcdatamodeld;
			sourceTree = "<group>";
			versionGroupType = wrapper.xcdatamodel;
		};
/* End XCVersionGroup section */
	};
	rootObject = 12D54B1B2CE25C28008639A4 /* Project object */;
}
